
Microsoft Visual Studio Solution File, Format Version 12.00
# Visual Studio Version 17
VisualStudioVersion = 17.1.32328.378
MinimumVisualStudioVersion = 10.0.40219.1
Project("{FAE04EC0-301F-11D3-BF4B-00C04F79EFBC}") = "Xuwenxiang1320SkyShareWebApplication1", "Xuwenxiang1320SkyShareWebApplication1\Xuwenxiang1320SkyShareWebApplication1.csproj", "{5C307F0D-D540-4C33-AEC2-28B38297A67E}"
EndProject
Global
	GlobalSection(SolutionConfigurationPlatforms) = preSolution
		Debug|Any CPU = Debug|Any CPU
		Release|Any CPU = Release|Any CPU
	EndGlobalSection
	GlobalSection(ProjectConfigurationPlatforms) = postSolution
		{5C307F0D-D540-4C33-AEC2-28B38297A67E}.Debug|Any CPU.ActiveCfg = Debug|Any CPU
		{5C307F0D-D540-4C33-AEC2-28B38297A67E}.Debug|Any CPU.Build.0 = Debug|Any CPU
		{5C307F0D-D540-4C33-AEC2-28B38297A67E}.Release|Any CPU.ActiveCfg = Release|Any CPU
		{5C307F0D-D540-4C33-AEC2-28B38297A67E}.Release|Any CPU.Build.0 = Release|Any CPU
	EndGlobalSection
	GlobalSection(SolutionProperties) = preSolution
		HideSolutionNode = FALSE
	EndGlobalSection
	GlobalSection(ExtensibilityGlobals) = postSolution
		SolutionGuid = {AB6B5B19-C8B5-4A63-B7D4-9424ED28E498}
	EndGlobalSection
EndGlobal
